
Microsoft Visual Studio Solution File, Format Version 12.00
# Visual Studio Version 16
VisualStudioVersion = 16.0.30114.105
MinimumVisualStudioVersion = 10.0.40219.1
Project("{2150E333-8FDC-42A3-9474-1A3956D46DE8}") = "src", "src", "{D31A385C-0BE0-4DFB-835E-C2D271B35BB5}"
EndProject
Project("{FAE04EC0-301F-11D3-BF4B-00C04F79EFBC}") = "FullCalendarBlazor", "src\FullCalendarBlazor\FullCalendarBlazor.csproj", "{21543EFC-7F1B-452F-BB30-FCD02993480A}"
EndProject
Project("{FAE04EC0-301F-11D3-BF4B-00C04F79EFBC}") = "FullCalendarExamples", "src\FullCalendarExamples\FullCalendarExamples.csproj", "{DF3F17B1-9EE2-4060-9D46-ADAD136DB80B}"
EndProject
Project("{2150E333-8FDC-42A3-9474-1A3956D46DE8}") = "test", "test", "{D5788D7E-88DC-4A4C-856C-1FDF677BF5FF}"
EndProject
Project("{FAE04EC0-301F-11D3-BF4B-00C04F79EFBC}") = "FullCalendarTest", "test\FullCalendarTest\FullCalendarTest.csproj", "{10ED66C8-118C-4838-971A-58A044F29496}"
EndProject
Global
	GlobalSection(SolutionConfigurationPlatforms) = preSolution
		Debug|Any CPU = Debug|Any CPU
		Debug|x64 = Debug|x64
		Debug|x86 = Debug|x86
		Release|Any CPU = Release|Any CPU
		Release|x64 = Release|x64
		Release|x86 = Release|x86
	EndGlobalSection
	GlobalSection(SolutionProperties) = preSolution
		HideSolutionNode = FALSE
	EndGlobalSection
	GlobalSection(ProjectConfigurationPlatforms) = postSolution
		{21543EFC-7F1B-452F-BB30-FCD02993480A}.Debug|Any CPU.ActiveCfg = Debug|Any CPU
		{21543EFC-7F1B-452F-BB30-FCD02993480A}.Debug|Any CPU.Build.0 = Debug|Any CPU
		{21543EFC-7F1B-452F-BB30-FCD02993480A}.Debug|x64.ActiveCfg = Debug|Any CPU
		{21543EFC-7F1B-452F-BB30-FCD02993480A}.Debug|x64.Build.0 = Debug|Any CPU
		{21543EFC-7F1B-452F-BB30-FCD02993480A}.Debug|x86.ActiveCfg = Debug|Any CPU
		{21543EFC-7F1B-452F-BB30-FCD02993480A}.Debug|x86.Build.0 = Debug|Any CPU
		{21543EFC-7F1B-452F-BB30-FCD02993480A}.Release|Any CPU.ActiveCfg = Release|Any CPU
		{21543EFC-7F1B-452F-BB30-FCD02993480A}.Release|Any CPU.Build.0 = Release|Any CPU
		{21543EFC-7F1B-452F-BB30-FCD02993480A}.Release|x64.ActiveCfg = Release|Any CPU
		{21543EFC-7F1B-452F-BB30-FCD02993480A}.Release|x64.Build.0 = Release|Any CPU
		{21543EFC-7F1B-452F-BB30-FCD02993480A}.Release|x86.ActiveCfg = Release|Any CPU
		{21543EFC-7F1B-452F-BB30-FCD02993480A}.Release|x86.Build.0 = Release|Any CPU
		{DF3F17B1-9EE2-4060-9D46-ADAD136DB80B}.Debug|Any CPU.ActiveCfg = Debug|Any CPU
		{DF3F17B1-9EE2-4060-9D46-ADAD136DB80B}.Debug|Any CPU.Build.0 = Debug|Any CPU
		{DF3F17B1-9EE2-4060-9D46-ADAD136DB80B}.Debug|x64.ActiveCfg = Debug|Any CPU
		{DF3F17B1-9EE2-4060-9D46-ADAD136DB80B}.Debug|x64.Build.0 = Debug|Any CPU
		{DF3F17B1-9EE2-4060-9D46-ADAD136DB80B}.Debug|x86.ActiveCfg = Debug|Any CPU
		{DF3F17B1-9EE2-4060-9D46-ADAD136DB80B}.Debug|x86.Build.0 = Debug|Any CPU
		{DF3F17B1-9EE2-4060-9D46-ADAD136DB80B}.Release|Any CPU.ActiveCfg = Release|Any CPU
		{DF3F17B1-9EE2-4060-9D46-ADAD136DB80B}.Release|Any CPU.Build.0 = Release|Any CPU
		{DF3F17B1-9EE2-4060-9D46-ADAD136DB80B}.Release|x64.ActiveCfg = Release|Any CPU
		{DF3F17B1-9EE2-4060-9D46-ADAD136DB80B}.Release|x64.Build.0 = Release|Any CPU
		{DF3F17B1-9EE2-4060-9D46-ADAD136DB80B}.Release|x86.ActiveCfg = Release|Any CPU
		{DF3F17B1-9EE2-4060-9D46-ADAD136DB80B}.Release|x86.Build.0 = Release|Any CPU
		{10ED66C8-118C-4838-971A-58A044F29496}.Debug|Any CPU.ActiveCfg = Debug|Any CPU
		{10ED66C8-118C-4838-971A-58A044F29496}.Debug|Any CPU.Build.0 = Debug|Any CPU
		{10ED66C8-118C-4838-971A-58A044F29496}.Debug|x64.ActiveCfg = Debug|Any CPU
		{10ED66C8-118C-4838-971A-58A044F29496}.Debug|x64.Build.0 = Debug|Any CPU
		{10ED66C8-118C-4838-971A-58A044F29496}.Debug|x86.ActiveCfg = Debug|Any CPU
		{10ED66C8-118C-4838-971A-58A044F29496}.Debug|x86.Build.0 = Debug|Any CPU
		{10ED66C8-118C-4838-971A-58A044F29496}.Release|Any CPU.ActiveCfg = Release|Any CPU
		{10ED66C8-118C-4838-971A-58A044F29496}.Release|Any CPU.Build.0 = Release|Any CPU
		{10ED66C8-118C-4838-971A-58A044F29496}.Release|x64.ActiveCfg = Release|Any CPU
		{10ED66C8-118C-4838-971A-58A044F29496}.Release|x64.Build.0 = Release|Any CPU
		{10ED66C8-118C-4838-971A-58A044F29496}.Release|x86.ActiveCfg = Release|Any CPU
		{10ED66C8-118C-4838-971A-58A044F29496}.Release|x86.Build.0 = Release|Any CPU
	EndGlobalSection
	GlobalSection(NestedProjects) = preSolution
		{21543EFC-7F1B-452F-BB30-FCD02993480A} = {D31A385C-0BE0-4DFB-835E-C2D271B35BB5}
		{DF3F17B1-9EE2-4060-9D46-ADAD136DB80B} = {D31A385C-0BE0-4DFB-835E-C2D271B35BB5}
		{10ED66C8-118C-4838-971A-58A044F29496} = {D5788D7E-88DC-4A4C-856C-1FDF677BF5FF}
	EndGlobalSection
EndGlobal
